
Microsoft Visual Studio Solution File, Format Version 12.00
# Visual Studio Version 17
VisualStudioVersion = 17.2.32516.85
MinimumVisualStudioVersion = 10.0.40219.1
Project("{9A19103F-16F7-4668-BE54-9A1E7A4F7556}") = "SelfEmployee", "SelfEmployee\SelfEmployee.csproj", "{C242D05A-F23A-40F8-9961-DBE5EF175D85}"
EndProject
Project("{9A19103F-16F7-4668-BE54-9A1E7A4F7556}") = "SelfEmployee.DBHandler", "SelfEmployee.DBHandler\SelfEmployee.DBHandler.csproj", "{A6BB36EB-9F9D-4811-8C58-E620F7C4CF27}"
EndProject
Project("{9A19103F-16F7-4668-BE54-9A1E7A4F7556}") = "SelfEmployee.Models", "SelfEmployee.Models\SelfEmployee.Models.csproj", "{B4AF4DEB-CE0B-472F-9CB8-8E7843D94AFF}"
EndProject
Global
	GlobalSection(SolutionConfigurationPlatforms) = preSolution
		Debug|Any CPU = Debug|Any CPU
		Release|Any CPU = Release|Any CPU
	EndGlobalSection
	GlobalSection(ProjectConfigurationPlatforms) = postSolution
		{C242D05A-F23A-40F8-9961-DBE5EF175D85}.Debug|Any CPU.ActiveCfg = Debug|Any CPU
		{C242D05A-F23A-40F8-9961-DBE5EF175D85}.Debug|Any CPU.Build.0 = Debug|Any CPU
		{C242D05A-F23A-40F8-9961-DBE5EF175D85}.Release|Any CPU.ActiveCfg = Release|Any CPU
		{C242D05A-F23A-40F8-9961-DBE5EF175D85}.Release|Any CPU.Build.0 = Release|Any CPU
		{A6BB36EB-9F9D-4811-8C58-E620F7C4CF27}.Debug|Any CPU.ActiveCfg = Debug|Any CPU
		{A6BB36EB-9F9D-4811-8C58-E620F7C4CF27}.Debug|Any CPU.Build.0 = Debug|Any CPU
		{A6BB36EB-9F9D-4811-8C58-E620F7C4CF27}.Release|Any CPU.ActiveCfg = Release|Any CPU
		{A6BB36EB-9F9D-4811-8C58-E620F7C4CF27}.Release|Any CPU.Build.0 = Release|Any CPU
		{B4AF4DEB-CE0B-472F-9CB8-8E7843D94AFF}.Debug|Any CPU.ActiveCfg = Debug|Any CPU
		{B4AF4DEB-CE0B-472F-9CB8-8E7843D94AFF}.Debug|Any CPU.Build.0 = Debug|Any CPU
		{B4AF4DEB-CE0B-472F-9CB8-8E7843D94AFF}.Release|Any CPU.ActiveCfg = Release|Any CPU
		{B4AF4DEB-CE0B-472F-9CB8-8E7843D94AFF}.Release|Any CPU.Build.0 = Release|Any CPU
	EndGlobalSection
	GlobalSection(SolutionProperties) = preSolution
		HideSolutionNode = FALSE
	EndGlobalSection
	GlobalSection(ExtensibilityGlobals) = postSolution
		SolutionGuid = {4431EB03-51AF-4FD0-BC76-349E065A1DBD}
	EndGlobalSection
EndGlobal
